
Microsoft Visual Studio Solution File, Format Version 12.00
# Visual Studio Version 17
VisualStudioVersion = 17.2.32630.192
MinimumVisualStudioVersion = 10.0.40219.1
Project("{FAE04EC0-301F-11D3-BF4B-00C04F79EFBC}") = "testingLab2", "testingLab2\testingLab2.csproj", "{69CEAB75-2686-47CD-BDDF-03DFF204B05D}"
EndProject
Global
	GlobalSection(SolutionConfigurationPlatforms) = preSolution
		Debug|Any CPU = Debug|Any CPU
		Debug|x64 = Debug|x64
		Release|Any CPU = Release|Any CPU
		Release|x64 = Release|x64
	EndGlobalSection
	GlobalSection(ProjectConfigurationPlatforms) = postSolution
		{69CEAB75-2686-47CD-BDDF-03DFF204B05D}.Debug|Any CPU.ActiveCfg = Debug|Any CPU
		{69CEAB75-2686-47CD-BDDF-03DFF204B05D}.Debug|Any CPU.Build.0 = Debug|Any CPU
		{69CEAB75-2686-47CD-BDDF-03DFF204B05D}.Debug|x64.ActiveCfg = Debug|x64
		{69CEAB75-2686-47CD-BDDF-03DFF204B05D}.Debug|x64.Build.0 = Debug|x64
		{69CEAB75-2686-47CD-BDDF-03DFF204B05D}.Release|Any CPU.ActiveCfg = Release|Any CPU
		{69CEAB75-2686-47CD-BDDF-03DFF204B05D}.Release|Any CPU.Build.0 = Release|Any CPU
		{69CEAB75-2686-47CD-BDDF-03DFF204B05D}.Release|x64.ActiveCfg = Release|x64
		{69CEAB75-2686-47CD-BDDF-03DFF204B05D}.Release|x64.Build.0 = Release|x64
	EndGlobalSection
	GlobalSection(SolutionProperties) = preSolution
		HideSolutionNode = FALSE
	EndGlobalSection
	GlobalSection(ExtensibilityGlobals) = postSolution
		SolutionGuid = {AFF4A81C-313E-4B3D-B933-8F4DC7880CB1}
	EndGlobalSection
EndGlobal
